// !$*UTF8*$!
{
	archiveVersion = 1;
	classes = {
	};
	objectVersion = 46;
	objects = {

/* Begin PBXBuildFile section */
		25C63B131593236F00DD0781 /* CFNetwork.framework in Frameworks */ = {isa = PBXBuildFile; fileRef = 25C63B121593236F00DD0781 /* CFNetwork.framework */; };
		25C63B191593274A00DD0781 /* BlueViewController.m in Sources */ = {isa = PBXBuildFile; fileRef = 25C63B171593274A00DD0781 /* BlueViewController.m */; };
		25C63B1A1593274A00DD0781 /* BlueViewController.xib in Resources */ = {isa = PBXBuildFile; fileRef = 25C63B181593274A00DD0781 /* BlueViewController.xib */; };
		25C63B1E1593276700DD0781 /* RedViewController.m in Sources */ = {isa = PBXBuildFile; fileRef = 25C63B1C1593276700DD0781 /* RedViewController.m */; };
		25C63B1F1593276700DD0781 /* RedViewController.xib in Resources */ = {isa = PBXBuildFile; fileRef = 25C63B1D1593276700DD0781 /* RedViewController.xib */; };
		25C63B2615932D1900DD0781 /* BlueViewController.m in Sources */ = {isa = PBXBuildFile; fileRef = 25C63B171593274A00DD0781 /* BlueViewController.m */; };
		25C63B2715932D1900DD0781 /* RedViewController.m in Sources */ = {isa = PBXBuildFile; fileRef = 25C63B1C1593276700DD0781 /* RedViewController.m */; };
		25C63B2815932DF200DD0781 /* BlueViewController.xib in Resources */ = {isa = PBXBuildFile; fileRef = 25C63B181593274A00DD0781 /* BlueViewController.xib */; };
		25C63B2915932DF200DD0781 /* RedViewController.xib in Resources */ = {isa = PBXBuildFile; fileRef = 25C63B1D1593276700DD0781 /* RedViewController.xib */; };
		25CA8A081588C08700E30A5A /* UIKit.framework in Frameworks */ = {isa = PBXBuildFile; fileRef = 25CA8A071588C08700E30A5A /* UIKit.framework */; };
		25CA8A0A1588C08700E30A5A /* Foundation.framework in Frameworks */ = {isa = PBXBuildFile; fileRef = 25CA8A091588C08700E30A5A /* Foundation.framework */; };
		25CA8A0C1588C08700E30A5A /* CoreGraphics.framework in Frameworks */ = {isa = PBXBuildFile; fileRef = 25CA8A0B1588C08700E30A5A /* CoreGraphics.framework */; };
		25CA8A0E1588C08700E30A5A /* CoreData.framework in Frameworks */ = {isa = PBXBuildFile; fileRef = 25CA8A0D1588C08700E30A5A /* CoreData.framework */; };
		25CA8A141588C08700E30A5A /* InfoPlist.strings in Resources */ = {isa = PBXBuildFile; fileRef = 25CA8A121588C08700E30A5A /* InfoPlist.strings */; };
		25CA8A161588C08700E30A5A /* main.m in Sources */ = {isa = PBXBuildFile; fileRef = 25CA8A151588C08700E30A5A /* main.m */; };
		25CA8A1A1588C08700E30A5A /* AppDelegate.m in Sources */ = {isa = PBXBuildFile; fileRef = 25CA8A191588C08700E30A5A /* AppDelegate.m */; };
		25CA8A1D1588C08700E30A5A /* MyProject.xcdatamodeld in Sources */ = {isa = PBXBuildFile; fileRef = 25CA8A1B1588C08700E30A5A /* MyProject.xcdatamodeld */; };
		25CA8A251588C08700E30A5A /* SenTestingKit.framework in Frameworks */ = {isa = PBXBuildFile; fileRef = 25CA8A241588C08700E30A5A /* SenTestingKit.framework */; };
		25CA8A261588C08700E30A5A /* UIKit.framework in Frameworks */ = {isa = PBXBuildFile; fileRef = 25CA8A071588C08700E30A5A /* UIKit.framework */; };
		25CA8A271588C08700E30A5A /* Foundation.framework in Frameworks */ = {isa = PBXBuildFile; fileRef = 25CA8A091588C08700E30A5A /* Foundation.framework */; };
		25CA8A281588C08700E30A5A /* CoreData.framework in Frameworks */ = {isa = PBXBuildFile; fileRef = 25CA8A0D1588C08700E30A5A /* CoreData.framework */; };
		25CA8A301588C08700E30A5A /* InfoPlist.strings in Resources */ = {isa = PBXBuildFile; fileRef = 25CA8A2E1588C08700E30A5A /* InfoPlist.strings */; };
		25CA8A331588C08700E30A5A /* MyProjectTests.m in Sources */ = {isa = PBXBuildFile; fileRef = 25CA8A321588C08700E30A5A /* MyProjectTests.m */; };
		25FD9F721588E74200C22673 /* SenTestingKit.framework in Frameworks */ = {isa = PBXBuildFile; fileRef = 25CA8A241588C08700E30A5A /* SenTestingKit.framework */; };
		25FD9F731588E74200C22673 /* UIKit.framework in Frameworks */ = {isa = PBXBuildFile; fileRef = 25CA8A071588C08700E30A5A /* UIKit.framework */; };
		25FD9F741588E74200C22673 /* Foundation.framework in Frameworks */ = {isa = PBXBuildFile; fileRef = 25CA8A091588C08700E30A5A /* Foundation.framework */; };
		25FD9F7A1588E74200C22673 /* InfoPlist.strings in Resources */ = {isa = PBXBuildFile; fileRef = 25FD9F781588E74200C22673 /* InfoPlist.strings */; };
		25FD9F7D1588E74200C22673 /* MyProjectApplicationTests.m in Sources */ = {isa = PBXBuildFile; fileRef = 25FD9F7C1588E74200C22673 /* MyProjectApplicationTests.m */; };
		25FD9F8F1588EAB100C22673 /* RootViewController.m in Sources */ = {isa = PBXBuildFile; fileRef = 25FD9F8D1588EAB100C22673 /* RootViewController.m */; };
		25FD9F901588EAB100C22673 /* RootViewController.xib in Resources */ = {isa = PBXBuildFile; fileRef = 25FD9F8E1588EAB100C22673 /* RootViewController.xib */; };
		25FD9FEE1593208100C22673 /* main.m in Sources */ = {isa = PBXBuildFile; fileRef = 25CA8A151588C08700E30A5A /* main.m */; };
		25FD9FEF1593208100C22673 /* AppDelegate.m in Sources */ = {isa = PBXBuildFile; fileRef = 25CA8A191588C08700E30A5A /* AppDelegate.m */; };
		25FD9FF01593208100C22673 /* MyProject.xcdatamodeld in Sources */ = {isa = PBXBuildFile; fileRef = 25CA8A1B1588C08700E30A5A /* MyProject.xcdatamodeld */; };
		25FD9FF11593208100C22673 /* RootViewController.m in Sources */ = {isa = PBXBuildFile; fileRef = 25FD9F8D1588EAB100C22673 /* RootViewController.m */; };
		25FD9FF31593208100C22673 /* UIKit.framework in Frameworks */ = {isa = PBXBuildFile; fileRef = 25CA8A071588C08700E30A5A /* UIKit.framework */; };
		25FD9FF41593208100C22673 /* Foundation.framework in Frameworks */ = {isa = PBXBuildFile; fileRef = 25CA8A091588C08700E30A5A /* Foundation.framework */; };
		25FD9FF51593208100C22673 /* CoreGraphics.framework in Frameworks */ = {isa = PBXBuildFile; fileRef = 25CA8A0B1588C08700E30A5A /* CoreGraphics.framework */; };
		25FD9FF61593208100C22673 /* CoreData.framework in Frameworks */ = {isa = PBXBuildFile; fileRef = 25CA8A0D1588C08700E30A5A /* CoreData.framework */; };
		25FD9FF81593208100C22673 /* InfoPlist.strings in Resources */ = {isa = PBXBuildFile; fileRef = 25CA8A121588C08700E30A5A /* InfoPlist.strings */; };
		25FD9FF91593208100C22673 /* RootViewController.xib in Resources */ = {isa = PBXBuildFile; fileRef = 25FD9F8E1588EAB100C22673 /* RootViewController.xib */; };
		25FDA0021593210900C22673 /* libsqlite3.dylib in Frameworks */ = {isa = PBXBuildFile; fileRef = 25FDA0011593210900C22673 /* libsqlite3.dylib */; };
		25FDA0041593213100C22673 /* libMonkeyTalk-1.0.8.beta4c.a in Frameworks */ = {isa = PBXBuildFile; fileRef = 25FDA0031593213100C22673 /* libMonkeyTalk-1.0.8.beta4c.a */; };
		25FDA0061593215800C22673 /* QuartzCore.framework in Frameworks */ = {isa = PBXBuildFile; fileRef = 25FDA0051593215800C22673 /* QuartzCore.framework */; };
/* End PBXBuildFile section */

/* Begin PBXContainerItemProxy section */
		25CA8A291588C08700E30A5A /* PBXContainerItemProxy */ = {
			isa = PBXContainerItemProxy;
			containerPortal = 25CA89FA1588C08700E30A5A /* Project object */;
			proxyType = 1;
			remoteGlobalIDString = 25CA8A021588C08700E30A5A;
			remoteInfo = MyProject;
		};
		25FD9F871588E94900C22673 /* PBXContainerItemProxy */ = {
			isa = PBXContainerItemProxy;
			containerPortal = 25CA89FA1588C08700E30A5A /* Project object */;
			proxyType = 1;
			remoteGlobalIDString = 25CA8A021588C08700E30A5A;
			remoteInfo = MyProject;
		};
/* End PBXContainerItemProxy section */

/* Begin PBXFileReference section */
		25C63B121593236F00DD0781 /* CFNetwork.framework */ = {isa = PBXFileReference; lastKnownFileType = wrapper.framework; name = CFNetwork.framework; path = System/Library/Frameworks/CFNetwork.framework; sourceTree = SDKROOT; };
		25C63B161593274A00DD0781 /* BlueViewController.h */ = {isa = PBXFileReference; fileEncoding = 4; lastKnownFileType = sourcecode.c.h; path = BlueViewController.h; sourceTree = "<group>"; };
		25C63B171593274A00DD0781 /* BlueViewController.m */ = {isa = PBXFileReference; fileEncoding = 4; lastKnownFileType = sourcecode.c.objc; path = BlueViewController.m; sourceTree = "<group>"; };
		25C63B181593274A00DD0781 /* BlueViewController.xib */ = {isa = PBXFileReference; fileEncoding = 4; lastKnownFileType = file.xib; path = BlueViewController.xib; sourceTree = "<group>"; };
		25C63B1B1593276700DD0781 /* RedViewController.h */ = {isa = PBXFileReference; fileEncoding = 4; lastKnownFileType = sourcecode.c.h; path = RedViewController.h; sourceTree = "<group>"; };
		25C63B1C1593276700DD0781 /* RedViewController.m */ = {isa = PBXFileReference; fileEncoding = 4; lastKnownFileType = sourcecode.c.objc; path = RedViewController.m; sourceTree = "<group>"; };
		25C63B1D1593276700DD0781 /* RedViewController.xib */ = {isa = PBXFileReference; fileEncoding = 4; lastKnownFileType = file.xib; path = RedViewController.xib; sourceTree = "<group>"; };
		25CA8A031588C08700E30A5A /* MyProject.app */ = {isa = PBXFileReference; explicitFileType = wrapper.application; includeInIndex = 0; path = MyProject.app; sourceTree = BUILT_PRODUCTS_DIR; };
		25CA8A071588C08700E30A5A /* UIKit.framework */ = {isa = PBXFileReference; lastKnownFileType = wrapper.framework; name = UIKit.framework; path = System/Library/Frameworks/UIKit.framework; sourceTree = SDKROOT; };
		25CA8A091588C08700E30A5A /* Foundation.framework */ = {isa = PBXFileReference; lastKnownFileType = wrapper.framework; name = Foundation.framework; path = System/Library/Frameworks/Foundation.framework; sourceTree = SDKROOT; };
		25CA8A0B1588C08700E30A5A /* CoreGraphics.framework */ = {isa = PBXFileReference; lastKnownFileType = wrapper.framework; name = CoreGraphics.framework; path = System/Library/Frameworks/CoreGraphics.framework; sourceTree = SDKROOT; };
		25CA8A0D1588C08700E30A5A /* CoreData.framework */ = {isa = PBXFileReference; lastKnownFileType = wrapper.framework; name = CoreData.framework; path = System/Library/Frameworks/CoreData.framework; sourceTree = SDKROOT; };
		25CA8A111588C08700E30A5A /* MyProject-Info.plist */ = {isa = PBXFileReference; lastKnownFileType = text.plist.xml; path = "MyProject-Info.plist"; sourceTree = "<group>"; };
		25CA8A131588C08700E30A5A /* en */ = {isa = PBXFileReference; lastKnownFileType = text.plist.strings; name = en; path = en.lproj/InfoPlist.strings; sourceTree = "<group>"; };
		25CA8A151588C08700E30A5A /* main.m */ = {isa = PBXFileReference; lastKnownFileType = sourcecode.c.objc; path = main.m; sourceTree = "<group>"; };
		25CA8A171588C08700E30A5A /* MyProject-Prefix.pch */ = {isa = PBXFileReference; lastKnownFileType = sourcecode.c.h; path = "MyProject-Prefix.pch"; sourceTree = "<group>"; };
		25CA8A181588C08700E30A5A /* AppDelegate.h */ = {isa = PBXFileReference; lastKnownFileType = sourcecode.c.h; path = AppDelegate.h; sourceTree = "<group>"; };
		25CA8A191588C08700E30A5A /* AppDelegate.m */ = {isa = PBXFileReference; lastKnownFileType = sourcecode.c.objc; path = AppDelegate.m; sourceTree = "<group>"; };
		25CA8A1C1588C08700E30A5A /* MyProject.xcdatamodel */ = {isa = PBXFileReference; lastKnownFileType = wrapper.xcdatamodel; path = MyProject.xcdatamodel; sourceTree = "<group>"; };
		25CA8A231588C08700E30A5A /* MyProjectTests.octest */ = {isa = PBXFileReference; explicitFileType = wrapper.cfbundle; includeInIndex = 0; path = MyProjectTests.octest; sourceTree = BUILT_PRODUCTS_DIR; };
		25CA8A241588C08700E30A5A /* SenTestingKit.framework */ = {isa = PBXFileReference; lastKnownFileType = wrapper.framework; name = SenTestingKit.framework; path = Library/Frameworks/SenTestingKit.framework; sourceTree = DEVELOPER_DIR; };
		25CA8A2D1588C08700E30A5A /* MyProjectTests-Info.plist */ = {isa = PBXFileReference; lastKnownFileType = text.plist.xml; path = "MyProjectTests-Info.plist"; sourceTree = "<group>"; };
		25CA8A2F1588C08700E30A5A /* en */ = {isa = PBXFileReference; lastKnownFileType = text.plist.strings; name = en; path = en.lproj/InfoPlist.strings; sourceTree = "<group>"; };
		25CA8A311588C08700E30A5A /* MyProjectTests.h */ = {isa = PBXFileReference; lastKnownFileType = sourcecode.c.h; path = MyProjectTests.h; sourceTree = "<group>"; };
		25CA8A321588C08700E30A5A /* MyProjectTests.m */ = {isa = PBXFileReference; lastKnownFileType = sourcecode.c.objc; path = MyProjectTests.m; sourceTree = "<group>"; };
		25FD9F711588E74200C22673 /* MyProjectApplicationTests.octest */ = {isa = PBXFileReference; explicitFileType = wrapper.cfbundle; includeInIndex = 0; path = MyProjectApplicationTests.octest; sourceTree = BUILT_PRODUCTS_DIR; };
		25FD9F771588E74200C22673 /* MyProjectApplicationTests-Info.plist */ = {isa = PBXFileReference; lastKnownFileType = text.plist.xml; path = "MyProjectApplicationTests-Info.plist"; sourceTree = "<group>"; };
		25FD9F791588E74200C22673 /* en */ = {isa = PBXFileReference; lastKnownFileType = text.plist.strings; name = en; path = en.lproj/InfoPlist.strings; sourceTree = "<group>"; };
		25FD9F7B1588E74200C22673 /* MyProjectApplicationTests.h */ = {isa = PBXFileReference; lastKnownFileType = sourcecode.c.h; path = MyProjectApplicationTests.h; sourceTree = "<group>"; };
		25FD9F7C1588E74200C22673 /* MyProjectApplicationTests.m */ = {isa = PBXFileReference; lastKnownFileType = sourcecode.c.objc; path = MyProjectApplicationTests.m; sourceTree = "<group>"; };
		25FD9F7E1588E74200C22673 /* MyProjectApplicationTests-Prefix.pch */ = {isa = PBXFileReference; lastKnownFileType = sourcecode.c.h; path = "MyProjectApplicationTests-Prefix.pch"; sourceTree = "<group>"; };
		25FD9F8C1588EAB100C22673 /* RootViewController.h */ = {isa = PBXFileReference; fileEncoding = 4; lastKnownFileType = sourcecode.c.h; path = RootViewController.h; sourceTree = "<group>"; };
		25FD9F8D1588EAB100C22673 /* RootViewController.m */ = {isa = PBXFileReference; fileEncoding = 4; lastKnownFileType = sourcecode.c.objc; path = RootViewController.m; sourceTree = "<group>"; };
		25FD9F8E1588EAB100C22673 /* RootViewController.xib */ = {isa = PBXFileReference; fileEncoding = 4; lastKnownFileType = file.xib; path = RootViewController.xib; sourceTree = "<group>"; };
		25FD9FFD1593208100C22673 /* MyProject copy.app */ = {isa = PBXFileReference; explicitFileType = wrapper.application; includeInIndex = 0; path = "MyProject copy.app"; sourceTree = BUILT_PRODUCTS_DIR; };
		25FD9FFF1593208100C22673 /* MyProject copy-Info.plist */ = {isa = PBXFileReference; lastKnownFileType = text.plist.xml; name = "MyProject copy-Info.plist"; path = "/Users/mac_serveur_adp_1/github/MyProject/MyProject copy-Info.plist"; sourceTree = "<absolute>"; };
		25FDA0011593210900C22673 /* libsqlite3.dylib */ = {isa = PBXFileReference; lastKnownFileType = "compiled.mach-o.dylib"; name = libsqlite3.dylib; path = usr/lib/libsqlite3.dylib; sourceTree = SDKROOT; };
		25FDA0031593213100C22673 /* libMonkeyTalk-1.0.8.beta4c.a */ = {isa = PBXFileReference; lastKnownFileType = archive.ar; name = "libMonkeyTalk-1.0.8.beta4c.a"; path = "Frameworks/MonkeyTalk/libMonkeyTalk-1.0.8.beta4c.a"; sourceTree = "<group>"; };
		25FDA0051593215800C22673 /* QuartzCore.framework */ = {isa = PBXFileReference; lastKnownFileType = wrapper.framework; name = QuartzCore.framework; path = System/Library/Frameworks/QuartzCore.framework; sourceTree = SDKROOT; };
/* End PBXFileReference section */

/* Begin PBXFrameworksBuildPhase section */
		25CA8A001588C08700E30A5A /* Frameworks */ = {
			isa = PBXFrameworksBuildPhase;
			buildActionMask = 2147483647;
			files = (
				25CA8A081588C08700E30A5A /* UIKit.framework in Frameworks */,
				25CA8A0A1588C08700E30A5A /* Foundation.framework in Frameworks */,
				25CA8A0C1588C08700E30A5A /* CoreGraphics.framework in Frameworks */,
				25CA8A0E1588C08700E30A5A /* CoreData.framework in Frameworks */,
			);
			runOnlyForDeploymentPostprocessing = 0;
		};
		25CA8A1F1588C08700E30A5A /* Frameworks */ = {
			isa = PBXFrameworksBuildPhase;
			buildActionMask = 2147483647;
			files = (
				25CA8A251588C08700E30A5A /* SenTestingKit.framework in Frameworks */,
				25CA8A261588C08700E30A5A /* UIKit.framework in Frameworks */,
				25CA8A271588C08700E30A5A /* Foundation.framework in Frameworks */,
				25CA8A281588C08700E30A5A /* CoreData.framework in Frameworks */,
			);
			runOnlyForDeploymentPostprocessing = 0;
		};
		25FD9F6D1588E74200C22673 /* Frameworks */ = {
			isa = PBXFrameworksBuildPhase;
			buildActionMask = 2147483647;
			files = (
				25FD9F721588E74200C22673 /* SenTestingKit.framework in Frameworks */,
				25FD9F731588E74200C22673 /* UIKit.framework in Frameworks */,
				25FD9F741588E74200C22673 /* Foundation.framework in Frameworks */,
			);
			runOnlyForDeploymentPostprocessing = 0;
		};
		25FD9FF21593208100C22673 /* Frameworks */ = {
			isa = PBXFrameworksBuildPhase;
			buildActionMask = 2147483647;
			files = (
				25C63B131593236F00DD0781 /* CFNetwork.framework in Frameworks */,
				25FDA0061593215800C22673 /* QuartzCore.framework in Frameworks */,
				25FDA0021593210900C22673 /* libsqlite3.dylib in Frameworks */,
				25FD9FF31593208100C22673 /* UIKit.framework in Frameworks */,
				25FD9FF41593208100C22673 /* Foundation.framework in Frameworks */,
				25FD9FF51593208100C22673 /* CoreGraphics.framework in Frameworks */,
				25FD9FF61593208100C22673 /* CoreData.framework in Frameworks */,
				25FDA0041593213100C22673 /* libMonkeyTalk-1.0.8.beta4c.a in Frameworks */,
			);
			runOnlyForDeploymentPostprocessing = 0;
		};
/* End PBXFrameworksBuildPhase section */

/* Begin PBXGroup section */
		25C63B141593271300DD0781 /* RedViewController */ = {
			isa = PBXGroup;
			children = (
				25C63B1B1593276700DD0781 /* RedViewController.h */,
				25C63B1C1593276700DD0781 /* RedViewController.m */,
				25C63B1D1593276700DD0781 /* RedViewController.xib */,
			);
			path = RedViewController;
			sourceTree = "<group>";
		};
		25C63B151593271E00DD0781 /* BlueViewController */ = {
			isa = PBXGroup;
			children = (
				25C63B161593274A00DD0781 /* BlueViewController.h */,
				25C63B171593274A00DD0781 /* BlueViewController.m */,
				25C63B181593274A00DD0781 /* BlueViewController.xib */,
			);
			path = BlueViewController;
			sourceTree = "<group>";
		};
		25CA89F81588C08700E30A5A = {
			isa = PBXGroup;
			children = (
				25CA8A0F1588C08700E30A5A /* MyProject */,
				25CA8A2B1588C08700E30A5A /* MyProjectTests */,
				25FD9F751588E74200C22673 /* MyProjectApplicationTests */,
				25CA8A061588C08700E30A5A /* Frameworks */,
				25CA8A041588C08700E30A5A /* Products */,
				25FD9FFF1593208100C22673 /* MyProject copy-Info.plist */,
			);
			sourceTree = "<group>";
		};
		25CA8A041588C08700E30A5A /* Products */ = {
			isa = PBXGroup;
			children = (
				25CA8A031588C08700E30A5A /* MyProject.app */,
				25CA8A231588C08700E30A5A /* MyProjectTests.octest */,
				25FD9F711588E74200C22673 /* MyProjectApplicationTests.octest */,
				25FD9FFD1593208100C22673 /* MyProject copy.app */,
			);
			name = Products;
			sourceTree = "<group>";
		};
		25CA8A061588C08700E30A5A /* Frameworks */ = {
			isa = PBXGroup;
			children = (
				25FDA0031593213100C22673 /* libMonkeyTalk-1.0.8.beta4c.a */,
				25FDA0011593210900C22673 /* libsqlite3.dylib */,
				25C63B121593236F00DD0781 /* CFNetwork.framework */,
				25FDA0051593215800C22673 /* QuartzCore.framework */,
				25CA8A071588C08700E30A5A /* UIKit.framework */,
				25CA8A091588C08700E30A5A /* Foundation.framework */,
				25CA8A0B1588C08700E30A5A /* CoreGraphics.framework */,
				25CA8A0D1588C08700E30A5A /* CoreData.framework */,
				25CA8A241588C08700E30A5A /* SenTestingKit.framework */,
			);
			name = Frameworks;
			sourceTree = "<group>";
		};
		25CA8A0F1588C08700E30A5A /* MyProject */ = {
			isa = PBXGroup;
			children = (
				25FD9F891588EA3500C22673 /* Classes */,
				25CA8A181588C08700E30A5A /* AppDelegate.h */,
				25CA8A191588C08700E30A5A /* AppDelegate.m */,
				25CA8A1B1588C08700E30A5A /* MyProject.xcdatamodeld */,
				25CA8A101588C08700E30A5A /* Supporting Files */,
			);
			path = MyProject;
			sourceTree = "<group>";
		};
		25CA8A101588C08700E30A5A /* Supporting Files */ = {
			isa = PBXGroup;
			children = (
				25CA8A111588C08700E30A5A /* MyProject-Info.plist */,
				25CA8A121588C08700E30A5A /* InfoPlist.strings */,
				25CA8A151588C08700E30A5A /* main.m */,
				25CA8A171588C08700E30A5A /* MyProject-Prefix.pch */,
			);
			name = "Supporting Files";
			sourceTree = "<group>";
		};
		25CA8A2B1588C08700E30A5A /* MyProjectTests */ = {
			isa = PBXGroup;
			children = (
				25CA8A311588C08700E30A5A /* MyProjectTests.h */,
				25CA8A321588C08700E30A5A /* MyProjectTests.m */,
				25CA8A2C1588C08700E30A5A /* Supporting Files */,
			);
			path = MyProjectTests;
			sourceTree = "<group>";
		};
		25CA8A2C1588C08700E30A5A /* Supporting Files */ = {
			isa = PBXGroup;
			children = (
				25CA8A2D1588C08700E30A5A /* MyProjectTests-Info.plist */,
				25CA8A2E1588C08700E30A5A /* InfoPlist.strings */,
			);
			name = "Supporting Files";
			sourceTree = "<group>";
		};
		25FD9F751588E74200C22673 /* MyProjectApplicationTests */ = {
			isa = PBXGroup;
			children = (
				25FD9F7B1588E74200C22673 /* MyProjectApplicationTests.h */,
				25FD9F7C1588E74200C22673 /* MyProjectApplicationTests.m */,
				25FD9F761588E74200C22673 /* Supporting Files */,
			);
			path = MyProjectApplicationTests;
			sourceTree = "<group>";
		};
		25FD9F761588E74200C22673 /* Supporting Files */ = {
			isa = PBXGroup;
			children = (
				25FD9F771588E74200C22673 /* MyProjectApplicationTests-Info.plist */,
				25FD9F781588E74200C22673 /* InfoPlist.strings */,
				25FD9F7E1588E74200C22673 /* MyProjectApplicationTests-Prefix.pch */,
			);
			name = "Supporting Files";
			sourceTree = "<group>";
		};
		25FD9F891588EA3500C22673 /* Classes */ = {
			isa = PBXGroup;
			children = (
				25FD9F8A1588EA3500C22673 /* ViewControllers */,
			);
			path = Classes;
			sourceTree = "<group>";
		};
		25FD9F8A1588EA3500C22673 /* ViewControllers */ = {
			isa = PBXGroup;
			children = (
				25C63B151593271E00DD0781 /* BlueViewController */,
				25C63B141593271300DD0781 /* RedViewController */,
				25FD9F8B1588EA9300C22673 /* RootViewController */,
			);
			path = ViewControllers;
			sourceTree = "<group>";
		};
		25FD9F8B1588EA9300C22673 /* RootViewController */ = {
			isa = PBXGroup;
			children = (
				25FD9F8C1588EAB100C22673 /* RootViewController.h */,
				25FD9F8D1588EAB100C22673 /* RootViewController.m */,
				25FD9F8E1588EAB100C22673 /* RootViewController.xib */,
			);
			path = RootViewController;
			sourceTree = "<group>";
		};
/* End PBXGroup section */

/* Begin PBXNativeTarget section */
		25CA8A021588C08700E30A5A /* MyProject */ = {
			isa = PBXNativeTarget;
			buildConfigurationList = 25CA8A361588C08700E30A5A /* Build configuration list for PBXNativeTarget "MyProject" */;
			buildPhases = (
				25CA89FF1588C08700E30A5A /* Sources */,
				25CA8A001588C08700E30A5A /* Frameworks */,
				25CA8A011588C08700E30A5A /* Resources */,
			);
			buildRules = (
			);
			dependencies = (
			);
			name = MyProject;
			productName = MyProject;
			productReference = 25CA8A031588C08700E30A5A /* MyProject.app */;
			productType = "com.apple.product-type.application";
		};
		25CA8A221588C08700E30A5A /* MyProjectTests */ = {
			isa = PBXNativeTarget;
			buildConfigurationList = 25CA8A391588C08700E30A5A /* Build configuration list for PBXNativeTarget "MyProjectTests" */;
			buildPhases = (
				25CA8A1E1588C08700E30A5A /* Sources */,
				25CA8A1F1588C08700E30A5A /* Frameworks */,
				25CA8A201588C08700E30A5A /* Resources */,
				25CA8A211588C08700E30A5A /* ShellScript */,
			);
			buildRules = (
			);
			dependencies = (
				25CA8A2A1588C08700E30A5A /* PBXTargetDependency */,
			);
			name = MyProjectTests;
			productName = MyProjectTests;
			productReference = 25CA8A231588C08700E30A5A /* MyProjectTests.octest */;
			productType = "com.apple.product-type.bundle";
		};
		25FD9F701588E74200C22673 /* MyProjectApplicationTests */ = {
			isa = PBXNativeTarget;
			buildConfigurationList = 25FD9F811588E74200C22673 /* Build configuration list for PBXNativeTarget "MyProjectApplicationTests" */;
			buildPhases = (
				25FD9F6C1588E74200C22673 /* Sources */,
				25FD9F6D1588E74200C22673 /* Frameworks */,
				25FD9F6E1588E74200C22673 /* Resources */,
				25FD9F6F1588E74200C22673 /* ShellScript */,
			);
			buildRules = (
			);
			dependencies = (
				25FD9F881588E94900C22673 /* PBXTargetDependency */,
			);
			name = MyProjectApplicationTests;
			productName = MyProjectApplicationTests;
			productReference = 25FD9F711588E74200C22673 /* MyProjectApplicationTests.octest */;
			productType = "com.apple.product-type.bundle";
		};
		25FD9FEC1593208100C22673 /* MyProjectMonkey */ = {
			isa = PBXNativeTarget;
			buildConfigurationList = 25FD9FFA1593208100C22673 /* Build configuration list for PBXNativeTarget "MyProjectMonkey" */;
			buildPhases = (
				25FD9FED1593208100C22673 /* Sources */,
				25FD9FF21593208100C22673 /* Frameworks */,
				25FD9FF71593208100C22673 /* Resources */,
			);
			buildRules = (
			);
			dependencies = (
			);
			name = MyProjectMonkey;
			productName = MyProject;
			productReference = 25FD9FFD1593208100C22673 /* MyProject copy.app */;
			productType = "com.apple.product-type.application";
		};
/* End PBXNativeTarget section */

/* Begin PBXProject section */
		25CA89FA1588C08700E30A5A /* Project object */ = {
			isa = PBXProject;
			attributes = {
				LastUpgradeCheck = 0430;
			};
			buildConfigurationList = 25CA89FD1588C08700E30A5A /* Build configuration list for PBXProject "MyProject" */;
			compatibilityVersion = "Xcode 3.2";
			developmentRegion = English;
			hasScannedForEncodings = 0;
			knownRegions = (
				en,
			);
			mainGroup = 25CA89F81588C08700E30A5A;
			productRefGroup = 25CA8A041588C08700E30A5A /* Products */;
			projectDirPath = "";
			projectRoot = "";
			targets = (
				25CA8A021588C08700E30A5A /* MyProject */,
				25FD9FEC1593208100C22673 /* MyProjectMonkey */,
				25CA8A221588C08700E30A5A /* MyProjectTests */,
				25FD9F701588E74200C22673 /* MyProjectApplicationTests */,
			);
		};
/* End PBXProject section */

/* Begin PBXResourcesBuildPhase section */
		25CA8A011588C08700E30A5A /* Resources */ = {
			isa = PBXResourcesBuildPhase;
			buildActionMask = 2147483647;
			files = (
				25CA8A141588C08700E30A5A /* InfoPlist.strings in Resources */,
				25FD9F901588EAB100C22673 /* RootViewController.xib in Resources */,
				25C63B1A1593274A00DD0781 /* BlueViewController.xib in Resources */,
				25C63B1F1593276700DD0781 /* RedViewController.xib in Resources */,
			);
			runOnlyForDeploymentPostprocessing = 0;
		};
		25CA8A201588C08700E30A5A /* Resources */ = {
			isa = PBXResourcesBuildPhase;
			buildActionMask = 2147483647;
			files = (
				25CA8A301588C08700E30A5A /* InfoPlist.strings in Resources */,
			);
			runOnlyForDeploymentPostprocessing = 0;
		};
		25FD9F6E1588E74200C22673 /* Resources */ = {
			isa = PBXResourcesBuildPhase;
			buildActionMask = 2147483647;
			files = (
				25FD9F7A1588E74200C22673 /* InfoPlist.strings in Resources */,
			);
			runOnlyForDeploymentPostprocessing = 0;
		};
		25FD9FF71593208100C22673 /* Resources */ = {
			isa = PBXResourcesBuildPhase;
			buildActionMask = 2147483647;
			files = (
				25C63B2815932DF200DD0781 /* BlueViewController.xib in Resources */,
				25C63B2915932DF200DD0781 /* RedViewController.xib in Resources */,
				25FD9FF81593208100C22673 /* InfoPlist.strings in Resources */,
				25FD9FF91593208100C22673 /* RootViewController.xib in Resources */,
			);
			runOnlyForDeploymentPostprocessing = 0;
		};
/* End PBXResourcesBuildPhase section */

/* Begin PBXShellScriptBuildPhase section */
		25CA8A211588C08700E30A5A /* ShellScript */ = {
			isa = PBXShellScriptBuildPhase;
			buildActionMask = 2147483647;
			files = (
			);
			inputPaths = (
			);
			outputPaths = (
			);
			runOnlyForDeploymentPostprocessing = 0;
			shellPath = /bin/sh;
			shellScript = "# Run the unit tests in this test bundle.\n\"${SYSTEM_DEVELOPER_DIR}/Tools/RunUnitTests\"\n";
		};
		25FD9F6F1588E74200C22673 /* ShellScript */ = {
			isa = PBXShellScriptBuildPhase;
			buildActionMask = 2147483647;
			files = (
			);
			inputPaths = (
			);
			outputPaths = (
			);
			runOnlyForDeploymentPostprocessing = 0;
			shellPath = /bin/sh;
			shellScript = "# Run the unit tests in this test bundle.\n#\"${SYSTEM_DEVELOPER_DIR}/Tools/RunUnitTests\"\n\"${PROJECT_DIR}/XcodeScripts/RunPlatformUnitTests\"\n";
			showEnvVarsInLog = 0;
		};
/* End PBXShellScriptBuildPhase section */

/* Begin PBXSourcesBuildPhase section */
		25CA89FF1588C08700E30A5A /* Sources */ = {
			isa = PBXSourcesBuildPhase;
			buildActionMask = 2147483647;
			files = (
				25CA8A161588C08700E30A5A /* main.m in Sources */,
				25CA8A1A1588C08700E30A5A /* AppDelegate.m in Sources */,
				25CA8A1D1588C08700E30A5A /* MyProject.xcdatamodeld in Sources */,
				25FD9F8F1588EAB100C22673 /* RootViewController.m in Sources */,
				25C63B191593274A00DD0781 /* BlueViewController.m in Sources */,
				25C63B1E1593276700DD0781 /* RedViewController.m in Sources */,
			);
			runOnlyForDeploymentPostprocessing = 0;
		};
		25CA8A1E1588C08700E30A5A /* Sources */ = {
			isa = PBXSourcesBuildPhase;
			buildActionMask = 2147483647;
			files = (
				25CA8A331588C08700E30A5A /* MyProjectTests.m in Sources */,
			);
			runOnlyForDeploymentPostprocessing = 0;
		};
		25FD9F6C1588E74200C22673 /* Sources */ = {
			isa = PBXSourcesBuildPhase;
			buildActionMask = 2147483647;
			files = (
				25FD9F7D1588E74200C22673 /* MyProjectApplicationTests.m in Sources */,
			);
			runOnlyForDeploymentPostprocessing = 0;
		};
		25FD9FED1593208100C22673 /* Sources */ = {
			isa = PBXSourcesBuildPhase;
			buildActionMask = 2147483647;
			files = (
				25C63B2615932D1900DD0781 /* BlueViewController.m in Sources */,
				25C63B2715932D1900DD0781 /* RedViewController.m in Sources */,
				25FD9FEE1593208100C22673 /* main.m in Sources */,
				25FD9FEF1593208100C22673 /* AppDelegate.m in Sources */,
				25FD9FF01593208100C22673 /* MyProject.xcdatamodeld in Sources */,
				25FD9FF11593208100C22673 /* RootViewController.m in Sources */,
			);
			runOnlyForDeploymentPostprocessing = 0;
		};
/* End PBXSourcesBuildPhase section */

/* Begin PBXTargetDependency section */
		25CA8A2A1588C08700E30A5A /* PBXTargetDependency */ = {
			isa = PBXTargetDependency;
			target = 25CA8A021588C08700E30A5A /* MyProject */;
			targetProxy = 25CA8A291588C08700E30A5A /* PBXContainerItemProxy */;
		};
		25FD9F881588E94900C22673 /* PBXTargetDependency */ = {
			isa = PBXTargetDependency;
			target = 25CA8A021588C08700E30A5A /* MyProject */;
			targetProxy = 25FD9F871588E94900C22673 /* PBXContainerItemProxy */;
		};
/* End PBXTargetDependency section */

/* Begin PBXVariantGroup section */
		25CA8A121588C08700E30A5A /* InfoPlist.strings */ = {
			isa = PBXVariantGroup;
			children = (
				25CA8A131588C08700E30A5A /* en */,
			);
			name = InfoPlist.strings;
			sourceTree = "<group>";
		};
		25CA8A2E1588C08700E30A5A /* InfoPlist.strings */ = {
			isa = PBXVariantGroup;
			children = (
				25CA8A2F1588C08700E30A5A /* en */,
			);
			name = InfoPlist.strings;
			sourceTree = "<group>";
		};
		25FD9F781588E74200C22673 /* InfoPlist.strings */ = {
			isa = PBXVariantGroup;
			children = (
				25FD9F791588E74200C22673 /* en */,
			);
			name = InfoPlist.strings;
			sourceTree = "<group>";
		};
/* End PBXVariantGroup section */

/* Begin XCBuildConfiguration section */
		25CA8A341588C08700E30A5A /* Debug */ = {
			isa = XCBuildConfiguration;
			buildSettings = {
				ALWAYS_SEARCH_USER_PATHS = NO;
				ARCHS = "$(ARCHS_STANDARD_32_BIT)";
				"CODE_SIGN_IDENTITY[sdk=iphoneos*]" = "iPhone Developer";
				COPY_PHASE_STRIP = NO;
				GCC_C_LANGUAGE_STANDARD = gnu99;
				GCC_DYNAMIC_NO_PIC = NO;
				GCC_OPTIMIZATION_LEVEL = 0;
				GCC_PREPROCESSOR_DEFINITIONS = (
					"DEBUG=1",
					"$(inherited)",
				);
				GCC_SYMBOLS_PRIVATE_EXTERN = NO;
				GCC_VERSION = com.apple.compilers.llvm.clang.1_0;
				GCC_WARN_ABOUT_RETURN_TYPE = YES;
				GCC_WARN_UNINITIALIZED_AUTOS = YES;
				GCC_WARN_UNUSED_VARIABLE = YES;
				IPHONEOS_DEPLOYMENT_TARGET = 5.1;
				SDKROOT = iphoneos;
			};
			name = Debug;
		};
		25CA8A351588C08700E30A5A /* Release */ = {
			isa = XCBuildConfiguration;
			buildSettings = {
				ALWAYS_SEARCH_USER_PATHS = NO;
				ARCHS = "$(ARCHS_STANDARD_32_BIT)";
				"CODE_SIGN_IDENTITY[sdk=iphoneos*]" = "iPhone Developer";
				COPY_PHASE_STRIP = YES;
				GCC_C_LANGUAGE_STANDARD = gnu99;
				GCC_VERSION = com.apple.compilers.llvm.clang.1_0;
				GCC_WARN_ABOUT_RETURN_TYPE = YES;
				GCC_WARN_UNINITIALIZED_AUTOS = YES;
				GCC_WARN_UNUSED_VARIABLE = YES;
				IPHONEOS_DEPLOYMENT_TARGET = 5.1;
				OTHER_CFLAGS = "-DNS_BLOCK_ASSERTIONS=1";
				SDKROOT = iphoneos;
				VALIDATE_PRODUCT = YES;
			};
			name = Release;
		};
		25CA8A371588C08700E30A5A /* Debug */ = {
			isa = XCBuildConfiguration;
			buildSettings = {
				GCC_PRECOMPILE_PREFIX_HEADER = YES;
				GCC_PREFIX_HEADER = "MyProject/MyProject-Prefix.pch";
				INFOPLIST_FILE = "MyProject/MyProject-Info.plist";
				PRODUCT_NAME = "$(TARGET_NAME)";
				WRAPPER_EXTENSION = app;
			};
			name = Debug;
		};
		25CA8A381588C08700E30A5A /* Release */ = {
			isa = XCBuildConfiguration;
			buildSettings = {
				GCC_PRECOMPILE_PREFIX_HEADER = YES;
				GCC_PREFIX_HEADER = "MyProject/MyProject-Prefix.pch";
				INFOPLIST_FILE = "MyProject/MyProject-Info.plist";
				PRODUCT_NAME = "$(TARGET_NAME)";
				WRAPPER_EXTENSION = app;
			};
			name = Release;
		};
		25CA8A3A1588C08700E30A5A /* Debug */ = {
			isa = XCBuildConfiguration;
			buildSettings = {
				BUNDLE_LOADER = "$(BUILT_PRODUCTS_DIR)/MyProject.app/MyProject";
				FRAMEWORK_SEARCH_PATHS = (
					"$(SDKROOT)/Developer/Library/Frameworks",
					"$(DEVELOPER_LIBRARY_DIR)/Frameworks",
				);
				GCC_PRECOMPILE_PREFIX_HEADER = YES;
				GCC_PREFIX_HEADER = "MyProject/MyProject-Prefix.pch";
				INFOPLIST_FILE = "MyProjectTests/MyProjectTests-Info.plist";
				PRODUCT_NAME = "$(TARGET_NAME)";
				TEST_AFTER_BUILD = YES;
				TEST_HOST = "$(BUNDLE_LOADER)";
				WRAPPER_EXTENSION = octest;
			};
			name = Debug;
		};
		25CA8A3B1588C08700E30A5A /* Release */ = {
			isa = XCBuildConfiguration;
			buildSettings = {
				BUNDLE_LOADER = "$(BUILT_PRODUCTS_DIR)/MyProject.app/MyProject";
				FRAMEWORK_SEARCH_PATHS = (
					"$(SDKROOT)/Developer/Library/Frameworks",
					"$(DEVELOPER_LIBRARY_DIR)/Frameworks",
				);
				GCC_PRECOMPILE_PREFIX_HEADER = YES;
				GCC_PREFIX_HEADER = "MyProject/MyProject-Prefix.pch";
				INFOPLIST_FILE = "MyProjectTests/MyProjectTests-Info.plist";
				PRODUCT_NAME = "$(TARGET_NAME)";
				TEST_AFTER_BUILD = YES;
				TEST_HOST = "$(BUNDLE_LOADER)";
				WRAPPER_EXTENSION = octest;
			};
			name = Release;
		};
		25FD9F7F1588E74200C22673 /* Debug */ = {
			isa = XCBuildConfiguration;
			buildSettings = {
				BUNDLE_LOADER = "$(BUILT_PRODUCTS_DIR)/MyProject.app/MyProject";
				CODE_SIGN_IDENTITY = "iPhone Developer: Prudence Madianga (3U7CGBZ5PK)";
				"CODE_SIGN_IDENTITY[sdk=iphoneos*]" = "iPhone Developer: Prudence Madianga (3U7CGBZ5PK)";
				FRAMEWORK_SEARCH_PATHS = (
					"$(SDKROOT)/Developer/Library/Frameworks",
					"$(DEVELOPER_LIBRARY_DIR)/Frameworks",
				);
				GCC_PRECOMPILE_PREFIX_HEADER = YES;
				GCC_PREFIX_HEADER = "MyProjectApplicationTests/MyProjectApplicationTests-Prefix.pch";
				INFOPLIST_FILE = "MyProjectApplicationTests/MyProjectApplicationTests-Info.plist";
				PRODUCT_NAME = "$(TARGET_NAME)";
				PROVISIONING_PROFILE = "097C062C-5487-44B3-9FBA-F94D6E2EA08B";
				"PROVISIONING_PROFILE[sdk=iphoneos*]" = "716EA7F5-D862-4497-BC97-92766466B1F0";
				TEST_AFTER_BUILD = YES;
				TEST_HOST = "$(BUILT_PRODUCTS_DIR)/MyProject.app/MyProject";
				WRAPPER_EXTENSION = octest;
			};
			name = Debug;
		};
		25FD9F801588E74200C22673 /* Release */ = {
			isa = XCBuildConfiguration;
			buildSettings = {
				BUNDLE_LOADER = "$(BUILT_PRODUCTS_DIR)/MyProject.app/MyProject";
				CODE_SIGN_IDENTITY = "iPhone Developer: Prudence Madianga (3U7CGBZ5PK)";
				"CODE_SIGN_IDENTITY[sdk=iphoneos*]" = "iPhone Developer: Prudence Madianga (3U7CGBZ5PK)";
				FRAMEWORK_SEARCH_PATHS = (
					"$(SDKROOT)/Developer/Library/Frameworks",
					"$(DEVELOPER_LIBRARY_DIR)/Frameworks",
				);
				GCC_PRECOMPILE_PREFIX_HEADER = YES;
				GCC_PREFIX_HEADER = "MyProjectApplicationTests/MyProjectApplicationTests-Prefix.pch";
				INFOPLIST_FILE = "MyProjectApplicationTests/MyProjectApplicationTests-Info.plist";
				PRODUCT_NAME = "$(TARGET_NAME)";
				PROVISIONING_PROFILE = "097C062C-5487-44B3-9FBA-F94D6E2EA08B";
				"PROVISIONING_PROFILE[sdk=iphoneos*]" = "097C062C-5487-44B3-9FBA-F94D6E2EA08B";
				TEST_AFTER_BUILD = YES;
				TEST_HOST = "$(BUILT_PRODUCTS_DIR)/MyProject.app/MyProject";
				WRAPPER_EXTENSION = octest;
			};
			name = Release;
		};
		25FD9FFB1593208100C22673 /* Debug */ = {
			isa = XCBuildConfiguration;
			buildSettings = {
				GCC_PRECOMPILE_PREFIX_HEADER = YES;
				GCC_PREFIX_HEADER = "MyProject/MyProject-Prefix.pch";
				INFOPLIST_FILE = "MyProject copy-Info.plist";
				LIBRARY_SEARCH_PATHS = (
					"$(inherited)",
					"\"$(SRCROOT)/Frameworks/MonkeyTalk\"",
				);
				OTHER_LDFLAGS = (
					"-all_load",
					"-lstdc++",
				);
				PRODUCT_NAME = "MyProject copy";
				WRAPPER_EXTENSION = app;
			};
			name = Debug;
		};
		25FD9FFC1593208100C22673 /* Release */ = {
			isa = XCBuildConfiguration;
			buildSettings = {
				GCC_PRECOMPILE_PREFIX_HEADER = YES;
				GCC_PREFIX_HEADER = "MyProject/MyProject-Prefix.pch";
				INFOPLIST_FILE = "MyProject copy-Info.plist";
				LIBRARY_SEARCH_PATHS = (
					"$(inherited)",
					"\"$(SRCROOT)/Frameworks/MonkeyTalk\"",
				);
				OTHER_LDFLAGS = (
					"-all_load",
					"-lstdc++",
				);
				PRODUCT_NAME = "MyProject copy";
				WRAPPER_EXTENSION = app;
			};
			name = Release;
		};
/* End XCBuildConfiguration section */

/* Begin XCConfigurationList section */
		25CA89FD1588C08700E30A5A /* Build configuration list for PBXProject "MyProject" */ = {
			isa = XCConfigurationList;
			buildConfigurations = (
				25CA8A341588C08700E30A5A /* Debug */,
				25CA8A351588C08700E30A5A /* Release */,
			);
			defaultConfigurationIsVisible = 0;
			defaultConfigurationName = Release;
		};
		25CA8A361588C08700E30A5A /* Build configuration list for PBXNativeTarget "MyProject" */ = {
			isa = XCConfigurationList;
			buildConfigurations = (
				25CA8A371588C08700E30A5A /* Debug */,
				25CA8A381588C08700E30A5A /* Release */,
			);
			defaultConfigurationIsVisible = 0;
			defaultConfigurationName = Release;
		};
		25CA8A391588C08700E30A5A /* Build configuration list for PBXNativeTarget "MyProjectTests" */ = {
			isa = XCConfigurationList;
			buildConfigurations = (
				25CA8A3A1588C08700E30A5A /* Debug */,
				25CA8A3B1588C08700E30A5A /* Release */,
			);
			defaultConfigurationIsVisible = 0;
			defaultConfigurationName = Release;
		};
		25FD9F811588E74200C22673 /* Build configuration list for PBXNativeTarget "MyProjectApplicationTests" */ = {
			isa = XCConfigurationList;
			buildConfigurations = (
				25FD9F7F1588E74200C22673 /* Debug */,
				25FD9F801588E74200C22673 /* Release */,
			);
			defaultConfigurationIsVisible = 0;
			defaultConfigurationName = Release;
		};
		25FD9FFA1593208100C22673 /* Build configuration list for PBXNativeTarget "MyProjectMonkey" */ = {
			isa = XCConfigurationList;
			buildConfigurations = (
				25FD9FFB1593208100C22673 /* Debug */,
				25FD9FFC1593208100C22673 /* Release */,
			);
			defaultConfigurationIsVisible = 0;
			defaultConfigurationName = Release;
		};
/* End XCConfigurationList section */

/* Begin XCVersionGroup section */
		25CA8A1B1588C08700E30A5A /* MyProject.xcdatamodeld */ = {
			isa = XCVersionGroup;
			children = (
				25CA8A1C1588C08700E30A5A /* MyProject.xcdatamodel */,
			);
			currentVersion = 25CA8A1C1588C08700E30A5A /* MyProject.xcdatamodel */;
			path = MyProject.xcdatamodeld;
			sourceTree = "<group>";
			versionGroupType = wrapper.xcdatamodel;
		};
/* End XCVersionGroup section */
	};
	rootObject = 25CA89FA1588C08700E30A5A /* Project object */;
}
